
Microsoft Visual Studio Solution File, Format Version 12.00
# Visual Studio 15
VisualStudioVersion = 15.0.26430.15
MinimumVisualStudioVersion = 10.0.40219.1
Project("{FAE04EC0-301F-11D3-BF4B-00C04F79EFBC}") = "PaymentNaver", "PaymentNaver\PaymentNaver.csproj", "{286EE86E-AC56-4D79-AF2D-F60EF590C5FA}"
EndProject
Project("{FAE04EC0-301F-11D3-BF4B-00C04F79EFBC}") = "Payment11st", "Payment11st\Payment11st.csproj", "{B22BBE88-A499-4E7E-B806-D5FB217420F2}"
EndProject
Project("{FAE04EC0-301F-11D3-BF4B-00C04F79EFBC}") = "Sales", "Sales\Sales.csproj", "{52F6AD61-1EC3-4123-85A2-64EA6ACBB21F}"
EndProject
Project("{FAE04EC0-301F-11D3-BF4B-00C04F79EFBC}") = "PaymentAuctionGmarket", "PaymentAuctionGmarket\PaymentAuctionGmarket.csproj", "{B2B9E21A-F29E-4F6C-A65E-D601413DB539}"
EndProject
Project("{FAE04EC0-301F-11D3-BF4B-00C04F79EFBC}") = "SalesSite", "SalesSite\SalesSite.csproj", "{AEC2D7C0-9DE3-4F13-8AF1-00AD3872D532}"
EndProject
Global
	GlobalSection(SolutionConfigurationPlatforms) = preSolution
		Debug|Any CPU = Debug|Any CPU
		Release|Any CPU = Release|Any CPU
	EndGlobalSection
	GlobalSection(ProjectConfigurationPlatforms) = postSolution
		{286EE86E-AC56-4D79-AF2D-F60EF590C5FA}.Debug|Any CPU.ActiveCfg = Debug|Any CPU
		{286EE86E-AC56-4D79-AF2D-F60EF590C5FA}.Debug|Any CPU.Build.0 = Debug|Any CPU
		{286EE86E-AC56-4D79-AF2D-F60EF590C5FA}.Release|Any CPU.ActiveCfg = Release|Any CPU
		{286EE86E-AC56-4D79-AF2D-F60EF590C5FA}.Release|Any CPU.Build.0 = Release|Any CPU
		{B22BBE88-A499-4E7E-B806-D5FB217420F2}.Debug|Any CPU.ActiveCfg = Debug|Any CPU
		{B22BBE88-A499-4E7E-B806-D5FB217420F2}.Debug|Any CPU.Build.0 = Debug|Any CPU
		{B22BBE88-A499-4E7E-B806-D5FB217420F2}.Release|Any CPU.ActiveCfg = Release|Any CPU
		{B22BBE88-A499-4E7E-B806-D5FB217420F2}.Release|Any CPU.Build.0 = Release|Any CPU
		{52F6AD61-1EC3-4123-85A2-64EA6ACBB21F}.Debug|Any CPU.ActiveCfg = Debug|Any CPU
		{52F6AD61-1EC3-4123-85A2-64EA6ACBB21F}.Debug|Any CPU.Build.0 = Debug|Any CPU
		{52F6AD61-1EC3-4123-85A2-64EA6ACBB21F}.Release|Any CPU.ActiveCfg = Release|Any CPU
		{52F6AD61-1EC3-4123-85A2-64EA6ACBB21F}.Release|Any CPU.Build.0 = Release|Any CPU
		{B2B9E21A-F29E-4F6C-A65E-D601413DB539}.Debug|Any CPU.ActiveCfg = Debug|Any CPU
		{B2B9E21A-F29E-4F6C-A65E-D601413DB539}.Debug|Any CPU.Build.0 = Debug|Any CPU
		{B2B9E21A-F29E-4F6C-A65E-D601413DB539}.Release|Any CPU.ActiveCfg = Release|Any CPU
		{B2B9E21A-F29E-4F6C-A65E-D601413DB539}.Release|Any CPU.Build.0 = Release|Any CPU
		{AEC2D7C0-9DE3-4F13-8AF1-00AD3872D532}.Debug|Any CPU.ActiveCfg = Debug|Any CPU
		{AEC2D7C0-9DE3-4F13-8AF1-00AD3872D532}.Debug|Any CPU.Build.0 = Debug|Any CPU
		{AEC2D7C0-9DE3-4F13-8AF1-00AD3872D532}.Release|Any CPU.ActiveCfg = Release|Any CPU
		{AEC2D7C0-9DE3-4F13-8AF1-00AD3872D532}.Release|Any CPU.Build.0 = Release|Any CPU
	EndGlobalSection
	GlobalSection(SolutionProperties) = preSolution
		HideSolutionNode = FALSE
	EndGlobalSection
EndGlobal
